
Microsoft Visual Studio Solution File, Format Version 12.00
# Visual Studio Version 17
VisualStudioVersion = 17.8.34330.188
MinimumVisualStudioVersion = 10.0.40219.1
Project("{9A19103F-16F7-4668-BE54-9A1E7A4F7556}") = "API", "API\API.csproj", "{75BD5856-4EAE-46AD-BD2D-E3AF0486FE44}"
EndProject
Project("{9A19103F-16F7-4668-BE54-9A1E7A4F7556}") = "Infrastructure", "Infrastructure\Infrastructure.csproj", "{2FD12DB0-82B5-47B3-AAA4-84F5551FC154}"
EndProject
Project("{9A19103F-16F7-4668-BE54-9A1E7A4F7556}") = "Application", "Application\Application.csproj", "{F03692D8-4F9D-4B5E-B4E4-C57AB0E535B7}"
EndProject
Project("{9A19103F-16F7-4668-BE54-9A1E7A4F7556}") = "Domain", "Domain\Domain.csproj", "{914DD9F4-6E4B-4886-B85A-04E5AB22846C}"
EndProject
Project("{2150E333-8FDC-42A3-9474-1A3956D46DE8}") = "Test", "Test", "{7BEDBD4A-0C3F-4684-8DDF-6EEA8618F7F7}"
EndProject
Project("{9A19103F-16F7-4668-BE54-9A1E7A4F7556}") = "ApplicationTests", "ApplicationTests\ApplicationTests.csproj", "{A30A4C92-F24C-4B88-883D-A90489A20CCE}"
EndProject
Project("{9A19103F-16F7-4668-BE54-9A1E7A4F7556}") = "DomainTests", "DomainTests\DomainTests.csproj", "{07293B1A-4485-481B-A693-E87D813960C7}"
<<<<<<< HEAD
EndProject
Project("{54A90642-561A-4BB1-A94E-469ADEE60C69}") = "client", "Client\client.esproj", "{40F3B524-AE04-4793-A99C-131D6FB67F65}"
=======
>>>>>>> bc8de67 (Cart and User relation)
EndProject
Global
	GlobalSection(SolutionConfigurationPlatforms) = preSolution
		Debug|Any CPU = Debug|Any CPU
		Release|Any CPU = Release|Any CPU
	EndGlobalSection
	GlobalSection(ProjectConfigurationPlatforms) = postSolution
		{75BD5856-4EAE-46AD-BD2D-E3AF0486FE44}.Debug|Any CPU.ActiveCfg = Debug|Any CPU
		{75BD5856-4EAE-46AD-BD2D-E3AF0486FE44}.Debug|Any CPU.Build.0 = Debug|Any CPU
		{75BD5856-4EAE-46AD-BD2D-E3AF0486FE44}.Release|Any CPU.ActiveCfg = Release|Any CPU
		{75BD5856-4EAE-46AD-BD2D-E3AF0486FE44}.Release|Any CPU.Build.0 = Release|Any CPU
		{2FD12DB0-82B5-47B3-AAA4-84F5551FC154}.Debug|Any CPU.ActiveCfg = Debug|Any CPU
		{2FD12DB0-82B5-47B3-AAA4-84F5551FC154}.Debug|Any CPU.Build.0 = Debug|Any CPU
		{2FD12DB0-82B5-47B3-AAA4-84F5551FC154}.Release|Any CPU.ActiveCfg = Release|Any CPU
		{2FD12DB0-82B5-47B3-AAA4-84F5551FC154}.Release|Any CPU.Build.0 = Release|Any CPU
		{F03692D8-4F9D-4B5E-B4E4-C57AB0E535B7}.Debug|Any CPU.ActiveCfg = Debug|Any CPU
		{F03692D8-4F9D-4B5E-B4E4-C57AB0E535B7}.Debug|Any CPU.Build.0 = Debug|Any CPU
		{F03692D8-4F9D-4B5E-B4E4-C57AB0E535B7}.Release|Any CPU.ActiveCfg = Release|Any CPU
		{F03692D8-4F9D-4B5E-B4E4-C57AB0E535B7}.Release|Any CPU.Build.0 = Release|Any CPU
		{914DD9F4-6E4B-4886-B85A-04E5AB22846C}.Debug|Any CPU.ActiveCfg = Debug|Any CPU
		{914DD9F4-6E4B-4886-B85A-04E5AB22846C}.Debug|Any CPU.Build.0 = Debug|Any CPU
		{914DD9F4-6E4B-4886-B85A-04E5AB22846C}.Release|Any CPU.ActiveCfg = Release|Any CPU
		{914DD9F4-6E4B-4886-B85A-04E5AB22846C}.Release|Any CPU.Build.0 = Release|Any CPU
		{A30A4C92-F24C-4B88-883D-A90489A20CCE}.Debug|Any CPU.ActiveCfg = Debug|Any CPU
		{A30A4C92-F24C-4B88-883D-A90489A20CCE}.Debug|Any CPU.Build.0 = Debug|Any CPU
		{A30A4C92-F24C-4B88-883D-A90489A20CCE}.Release|Any CPU.ActiveCfg = Release|Any CPU
		{A30A4C92-F24C-4B88-883D-A90489A20CCE}.Release|Any CPU.Build.0 = Release|Any CPU
		{07293B1A-4485-481B-A693-E87D813960C7}.Debug|Any CPU.ActiveCfg = Debug|Any CPU
		{07293B1A-4485-481B-A693-E87D813960C7}.Debug|Any CPU.Build.0 = Debug|Any CPU
		{07293B1A-4485-481B-A693-E87D813960C7}.Release|Any CPU.ActiveCfg = Release|Any CPU
		{07293B1A-4485-481B-A693-E87D813960C7}.Release|Any CPU.Build.0 = Release|Any CPU
		{40F3B524-AE04-4793-A99C-131D6FB67F65}.Debug|Any CPU.ActiveCfg = Debug|Any CPU
		{40F3B524-AE04-4793-A99C-131D6FB67F65}.Debug|Any CPU.Build.0 = Debug|Any CPU
		{40F3B524-AE04-4793-A99C-131D6FB67F65}.Debug|Any CPU.Deploy.0 = Debug|Any CPU
		{40F3B524-AE04-4793-A99C-131D6FB67F65}.Release|Any CPU.ActiveCfg = Release|Any CPU
		{40F3B524-AE04-4793-A99C-131D6FB67F65}.Release|Any CPU.Build.0 = Release|Any CPU
		{40F3B524-AE04-4793-A99C-131D6FB67F65}.Release|Any CPU.Deploy.0 = Release|Any CPU
	EndGlobalSection
	GlobalSection(SolutionProperties) = preSolution
		HideSolutionNode = FALSE
	EndGlobalSection
	GlobalSection(NestedProjects) = preSolution
		{A30A4C92-F24C-4B88-883D-A90489A20CCE} = {7BEDBD4A-0C3F-4684-8DDF-6EEA8618F7F7}
		{07293B1A-4485-481B-A693-E87D813960C7} = {7BEDBD4A-0C3F-4684-8DDF-6EEA8618F7F7}
	EndGlobalSection
	GlobalSection(ExtensibilityGlobals) = postSolution
		SolutionGuid = {1C442408-4CFF-466B-AD1A-2A12EDB59E26}
	EndGlobalSection
EndGlobal
